
Microsoft Visual Studio Solution File, Format Version 12.00
# Visual Studio 15
VisualStudioVersion = 15.0.28307.271
MinimumVisualStudioVersion = 10.0.40219.1
Project("{E24C65DC-7377-472B-9ABA-BC803B73C61A}") = "Medical-two", "Medical-two\", "{213F0C62-2F40-4441-88DE-A5F5FA93D20D}"
	ProjectSection(WebsiteProperties) = preProject
		TargetFrameworkMoniker = ".NETFramework,Version%3Dv4.6.1"
		Debug.AspNetCompiler.VirtualPath = "/localhost_60303"
		Debug.AspNetCompiler.PhysicalPath = "Medical-two\"
		Debug.AspNetCompiler.TargetPath = "PrecompiledWeb\localhost_60303\"
		Debug.AspNetCompiler.Updateable = "true"
		Debug.AspNetCompiler.ForceOverwrite = "true"
		Debug.AspNetCompiler.FixedNames = "false"
		Debug.AspNetCompiler.Debug = "True"
		Release.AspNetCompiler.VirtualPath = "/localhost_60303"
		Release.AspNetCompiler.PhysicalPath = "Medical-two\"
		Release.AspNetCompiler.TargetPath = "PrecompiledWeb\localhost_60303\"
		Release.AspNetCompiler.Updateable = "true"
		Release.AspNetCompiler.ForceOverwrite = "true"
		Release.AspNetCompiler.FixedNames = "false"
		Release.AspNetCompiler.Debug = "False"
		VWDPort = "60303"
		SlnRelativePath = "Medical-two\"
		DefaultWebSiteLanguage = "Visual C#"
	EndProjectSection
EndProject
Global
	GlobalSection(SolutionConfigurationPlatforms) = preSolution
		Debug|Any CPU = Debug|Any CPU
	EndGlobalSection
	GlobalSection(ProjectConfigurationPlatforms) = postSolution
		{213F0C62-2F40-4441-88DE-A5F5FA93D20D}.Debug|Any CPU.ActiveCfg = Debug|Any CPU
		{213F0C62-2F40-4441-88DE-A5F5FA93D20D}.Debug|Any CPU.Build.0 = Debug|Any CPU
	EndGlobalSection
	GlobalSection(SolutionProperties) = preSolution
		HideSolutionNode = FALSE
	EndGlobalSection
	GlobalSection(ExtensibilityGlobals) = postSolution
		SolutionGuid = {71A4F7E4-7634-43FA-90B6-6F754E3ECD8B}
	EndGlobalSection
EndGlobal
